
Microsoft Visual Studio Solution File, Format Version 12.00
# Visual Studio 15
VisualStudioVersion = 15.0.26124.0
MinimumVisualStudioVersion = 15.0.26124.0
Project("{FAE04EC0-301F-11D3-BF4B-00C04F79EFBC}") = "Calamari", "Calamari\Calamari.csproj", "{04DE5290-F1BD-4209-AF77-DE1AC62B0EA3}"
EndProject
Project("{FAE04EC0-301F-11D3-BF4B-00C04F79EFBC}") = "Calamari.Tests", "Calamari.Tests\Calamari.Tests.csproj", "{A3471638-B6D0-4B2C-9E73-87BC79F26852}"
EndProject
Project("{FAE04EC0-301F-11D3-BF4B-00C04F79EFBC}") = "Sashimi", "Sashimi\Sashimi.csproj", "{4A360B2D-69F3-4266-BFDB-A55FB0B5837D}"
EndProject
Project("{FAE04EC0-301F-11D3-BF4B-00C04F79EFBC}") = "Sashimi.Tests", "Sashimi.Tests\Sashimi.Tests.csproj", "{C82FD7C6-3647-40BE-9348-C55F20FD9638}"
EndProject
Global
	GlobalSection(SolutionConfigurationPlatforms) = preSolution
		Debug|Any CPU = Debug|Any CPU
		Debug|x64 = Debug|x64
		Debug|x86 = Debug|x86
		Release|Any CPU = Release|Any CPU
		Release|x64 = Release|x64
		Release|x86 = Release|x86
	EndGlobalSection
	GlobalSection(SolutionProperties) = preSolution
		HideSolutionNode = FALSE
	EndGlobalSection
	GlobalSection(ProjectConfigurationPlatforms) = postSolution
		{04DE5290-F1BD-4209-AF77-DE1AC62B0EA3}.Debug|Any CPU.ActiveCfg = Debug|Any CPU
		{04DE5290-F1BD-4209-AF77-DE1AC62B0EA3}.Debug|Any CPU.Build.0 = Debug|Any CPU
		{04DE5290-F1BD-4209-AF77-DE1AC62B0EA3}.Debug|x64.ActiveCfg = Debug|Any CPU
		{04DE5290-F1BD-4209-AF77-DE1AC62B0EA3}.Debug|x64.Build.0 = Debug|Any CPU
		{04DE5290-F1BD-4209-AF77-DE1AC62B0EA3}.Debug|x86.ActiveCfg = Debug|Any CPU
		{04DE5290-F1BD-4209-AF77-DE1AC62B0EA3}.Debug|x86.Build.0 = Debug|Any CPU
		{04DE5290-F1BD-4209-AF77-DE1AC62B0EA3}.Release|Any CPU.ActiveCfg = Release|Any CPU
		{04DE5290-F1BD-4209-AF77-DE1AC62B0EA3}.Release|Any CPU.Build.0 = Release|Any CPU
		{04DE5290-F1BD-4209-AF77-DE1AC62B0EA3}.Release|x64.ActiveCfg = Release|Any CPU
		{04DE5290-F1BD-4209-AF77-DE1AC62B0EA3}.Release|x64.Build.0 = Release|Any CPU
		{04DE5290-F1BD-4209-AF77-DE1AC62B0EA3}.Release|x86.ActiveCfg = Release|Any CPU
		{04DE5290-F1BD-4209-AF77-DE1AC62B0EA3}.Release|x86.Build.0 = Release|Any CPU
		{A3471638-B6D0-4B2C-9E73-87BC79F26852}.Debug|Any CPU.ActiveCfg = Debug|Any CPU
		{A3471638-B6D0-4B2C-9E73-87BC79F26852}.Debug|Any CPU.Build.0 = Debug|Any CPU
		{A3471638-B6D0-4B2C-9E73-87BC79F26852}.Debug|x64.ActiveCfg = Debug|Any CPU
		{A3471638-B6D0-4B2C-9E73-87BC79F26852}.Debug|x64.Build.0 = Debug|Any CPU
		{A3471638-B6D0-4B2C-9E73-87BC79F26852}.Debug|x86.ActiveCfg = Debug|Any CPU
		{A3471638-B6D0-4B2C-9E73-87BC79F26852}.Debug|x86.Build.0 = Debug|Any CPU
		{A3471638-B6D0-4B2C-9E73-87BC79F26852}.Release|Any CPU.ActiveCfg = Release|Any CPU
		{A3471638-B6D0-4B2C-9E73-87BC79F26852}.Release|Any CPU.Build.0 = Release|Any CPU
		{A3471638-B6D0-4B2C-9E73-87BC79F26852}.Release|x64.ActiveCfg = Release|Any CPU
		{A3471638-B6D0-4B2C-9E73-87BC79F26852}.Release|x64.Build.0 = Release|Any CPU
		{A3471638-B6D0-4B2C-9E73-87BC79F26852}.Release|x86.ActiveCfg = Release|Any CPU
		{A3471638-B6D0-4B2C-9E73-87BC79F26852}.Release|x86.Build.0 = Release|Any CPU
		{4A360B2D-69F3-4266-BFDB-A55FB0B5837D}.Debug|Any CPU.ActiveCfg = Debug|Any CPU
		{4A360B2D-69F3-4266-BFDB-A55FB0B5837D}.Debug|Any CPU.Build.0 = Debug|Any CPU
		{4A360B2D-69F3-4266-BFDB-A55FB0B5837D}.Debug|x64.ActiveCfg = Debug|Any CPU
		{4A360B2D-69F3-4266-BFDB-A55FB0B5837D}.Debug|x64.Build.0 = Debug|Any CPU
		{4A360B2D-69F3-4266-BFDB-A55FB0B5837D}.Debug|x86.ActiveCfg = Debug|Any CPU
		{4A360B2D-69F3-4266-BFDB-A55FB0B5837D}.Debug|x86.Build.0 = Debug|Any CPU
		{4A360B2D-69F3-4266-BFDB-A55FB0B5837D}.Release|Any CPU.ActiveCfg = Release|Any CPU
		{4A360B2D-69F3-4266-BFDB-A55FB0B5837D}.Release|Any CPU.Build.0 = Release|Any CPU
		{4A360B2D-69F3-4266-BFDB-A55FB0B5837D}.Release|x64.ActiveCfg = Release|Any CPU
		{4A360B2D-69F3-4266-BFDB-A55FB0B5837D}.Release|x64.Build.0 = Release|Any CPU
		{4A360B2D-69F3-4266-BFDB-A55FB0B5837D}.Release|x86.ActiveCfg = Release|Any CPU
		{4A360B2D-69F3-4266-BFDB-A55FB0B5837D}.Release|x86.Build.0 = Release|Any CPU
		{C82FD7C6-3647-40BE-9348-C55F20FD9638}.Debug|Any CPU.ActiveCfg = Debug|Any CPU
		{C82FD7C6-3647-40BE-9348-C55F20FD9638}.Debug|Any CPU.Build.0 = Debug|Any CPU
		{C82FD7C6-3647-40BE-9348-C55F20FD9638}.Debug|x64.ActiveCfg = Debug|Any CPU
		{C82FD7C6-3647-40BE-9348-C55F20FD9638}.Debug|x64.Build.0 = Debug|Any CPU
		{C82FD7C6-3647-40BE-9348-C55F20FD9638}.Debug|x86.ActiveCfg = Debug|Any CPU
		{C82FD7C6-3647-40BE-9348-C55F20FD9638}.Debug|x86.Build.0 = Debug|Any CPU
		{C82FD7C6-3647-40BE-9348-C55F20FD9638}.Release|Any CPU.ActiveCfg = Release|Any CPU
		{C82FD7C6-3647-40BE-9348-C55F20FD9638}.Release|Any CPU.Build.0 = Release|Any CPU
		{C82FD7C6-3647-40BE-9348-C55F20FD9638}.Release|x64.ActiveCfg = Release|Any CPU
		{C82FD7C6-3647-40BE-9348-C55F20FD9638}.Release|x64.Build.0 = Release|Any CPU
		{C82FD7C6-3647-40BE-9348-C55F20FD9638}.Release|x86.ActiveCfg = Release|Any CPU
		{C82FD7C6-3647-40BE-9348-C55F20FD9638}.Release|x86.Build.0 = Release|Any CPU
	EndGlobalSection
EndGlobal
